
Microsoft Visual Studio Solution File, Format Version 12.00
# Visual Studio 15
VisualStudioVersion = 15.0.28010.2003
MinimumVisualStudioVersion = 10.0.40219.1
Project("{FAE04EC0-301F-11D3-BF4B-00C04F79EFBC}") = "Search", "Search\Search.csproj", "{C55FDF2E-0281-4737-9356-FAF6571A00C1}"
EndProject
Project("{FAE04EC0-301F-11D3-BF4B-00C04F79EFBC}") = "Sitecore.SharedSource.KeywordSearchDemo", "Sitecore.SharedSource.KeywordSearchDemo\Sitecore.SharedSource.KeywordSearchDemo.csproj", "{CD1D3A28-0C5D-4CF5-8FBF-B5463C6D1C2C}"
EndProject
Global
	GlobalSection(SolutionConfigurationPlatforms) = preSolution
		Debug|Any CPU = Debug|Any CPU
		Release|Any CPU = Release|Any CPU
	EndGlobalSection
	GlobalSection(ProjectConfigurationPlatforms) = postSolution
		{C55FDF2E-0281-4737-9356-FAF6571A00C1}.Debug|Any CPU.ActiveCfg = Debug|Any CPU
		{C55FDF2E-0281-4737-9356-FAF6571A00C1}.Debug|Any CPU.Build.0 = Debug|Any CPU
		{C55FDF2E-0281-4737-9356-FAF6571A00C1}.Release|Any CPU.ActiveCfg = Release|Any CPU
		{C55FDF2E-0281-4737-9356-FAF6571A00C1}.Release|Any CPU.Build.0 = Release|Any CPU
		{CD1D3A28-0C5D-4CF5-8FBF-B5463C6D1C2C}.Debug|Any CPU.ActiveCfg = Debug|Any CPU
		{CD1D3A28-0C5D-4CF5-8FBF-B5463C6D1C2C}.Debug|Any CPU.Build.0 = Debug|Any CPU
		{CD1D3A28-0C5D-4CF5-8FBF-B5463C6D1C2C}.Release|Any CPU.ActiveCfg = Release|Any CPU
		{CD1D3A28-0C5D-4CF5-8FBF-B5463C6D1C2C}.Release|Any CPU.Build.0 = Release|Any CPU
	EndGlobalSection
	GlobalSection(SolutionProperties) = preSolution
		HideSolutionNode = FALSE
	EndGlobalSection
	GlobalSection(ExtensibilityGlobals) = postSolution
		SolutionGuid = {1BF27172-C954-4153-8DEB-D70310B18272}
	EndGlobalSection
EndGlobal
